
Microsoft Visual Studio Solution File, Format Version 12.00
# Visual Studio 15
VisualStudioVersion = 15.0.26430.12
MinimumVisualStudioVersion = 10.0.40219.1
Project("{FAE04EC0-301F-11D3-BF4B-00C04F79EFBC}") = "SfCreaTabellaDinamicaWord", "SfCreaTabellaDinamicaWord\SfCreaTabellaDinamicaWord\SfCreaTabellaDinamicaWord.csproj", "{1476AE6D-5052-42E4-AA6D-229F895E0B41}"
EndProject
Project("{FAE04EC0-301F-11D3-BF4B-00C04F79EFBC}") = "SfCreaTabellaNestedWord", "SfCreaTabellaNestedWord\SfCreaTabellaNestedWord.csproj", "{96816393-8399-436E-BF10-FD014231D4DB}"
EndProject
Project("{FAE04EC0-301F-11D3-BF4B-00C04F79EFBC}") = "SfCreaTabellaWord", "SfCreaTabellaWord\SfCreaTabellaWord\SfCreaTabellaWord.csproj", "{B19B592A-0E60-4271-9547-FC4C7F320D8D}"
EndProject
Project("{FAE04EC0-301F-11D3-BF4B-00C04F79EFBC}") = "SfFormattaTabellaWord", "SfFormattaTabellaWord\SfFormattaTabellaWord.csproj", "{3A39BC30-79F4-4EA8-93AF-0941FCE69FD3}"
EndProject
Project("{FAE04EC0-301F-11D3-BF4B-00C04F79EFBC}") = "SfStileTabellaWord", "SfStileTabellaWord\SfStileTabellaWord.csproj", "{E4B23508-E301-47D1-AB7B-C091B7DE87C0}"
EndProject
Project("{FAE04EC0-301F-11D3-BF4B-00C04F79EFBC}") = "SfFormattaTabellaWord2", "SfFormattaTabellaWord2\SfFormattaTabellaWord2.csproj", "{FB8BC255-3533-4019-828E-56629627A890}"
EndProject
Project("{FAE04EC0-301F-11D3-BF4B-00C04F79EFBC}") = "SfStileOpzioniTabellaWord", "SfStileOpzioniTabellaWord\SfStileOpzioniTabellaWord.csproj", "{B141E7A8-ED89-4C7B-90DD-84E5765856AC}"
EndProject
Global
	GlobalSection(SolutionConfigurationPlatforms) = preSolution
		Debug|ARM = Debug|ARM
		Debug|x64 = Debug|x64
		Debug|x86 = Debug|x86
		Release|ARM = Release|ARM
		Release|x64 = Release|x64
		Release|x86 = Release|x86
	EndGlobalSection
	GlobalSection(ProjectConfigurationPlatforms) = postSolution
		{1476AE6D-5052-42E4-AA6D-229F895E0B41}.Debug|ARM.ActiveCfg = Debug|ARM
		{1476AE6D-5052-42E4-AA6D-229F895E0B41}.Debug|ARM.Build.0 = Debug|ARM
		{1476AE6D-5052-42E4-AA6D-229F895E0B41}.Debug|ARM.Deploy.0 = Debug|ARM
		{1476AE6D-5052-42E4-AA6D-229F895E0B41}.Debug|x64.ActiveCfg = Debug|x64
		{1476AE6D-5052-42E4-AA6D-229F895E0B41}.Debug|x64.Build.0 = Debug|x64
		{1476AE6D-5052-42E4-AA6D-229F895E0B41}.Debug|x64.Deploy.0 = Debug|x64
		{1476AE6D-5052-42E4-AA6D-229F895E0B41}.Debug|x86.ActiveCfg = Debug|x86
		{1476AE6D-5052-42E4-AA6D-229F895E0B41}.Debug|x86.Build.0 = Debug|x86
		{1476AE6D-5052-42E4-AA6D-229F895E0B41}.Debug|x86.Deploy.0 = Debug|x86
		{1476AE6D-5052-42E4-AA6D-229F895E0B41}.Release|ARM.ActiveCfg = Release|ARM
		{1476AE6D-5052-42E4-AA6D-229F895E0B41}.Release|ARM.Build.0 = Release|ARM
		{1476AE6D-5052-42E4-AA6D-229F895E0B41}.Release|ARM.Deploy.0 = Release|ARM
		{1476AE6D-5052-42E4-AA6D-229F895E0B41}.Release|x64.ActiveCfg = Release|x64
		{1476AE6D-5052-42E4-AA6D-229F895E0B41}.Release|x64.Build.0 = Release|x64
		{1476AE6D-5052-42E4-AA6D-229F895E0B41}.Release|x64.Deploy.0 = Release|x64
		{1476AE6D-5052-42E4-AA6D-229F895E0B41}.Release|x86.ActiveCfg = Release|x86
		{1476AE6D-5052-42E4-AA6D-229F895E0B41}.Release|x86.Build.0 = Release|x86
		{1476AE6D-5052-42E4-AA6D-229F895E0B41}.Release|x86.Deploy.0 = Release|x86
		{96816393-8399-436E-BF10-FD014231D4DB}.Debug|ARM.ActiveCfg = Debug|ARM
		{96816393-8399-436E-BF10-FD014231D4DB}.Debug|ARM.Build.0 = Debug|ARM
		{96816393-8399-436E-BF10-FD014231D4DB}.Debug|ARM.Deploy.0 = Debug|ARM
		{96816393-8399-436E-BF10-FD014231D4DB}.Debug|x64.ActiveCfg = Debug|x64
		{96816393-8399-436E-BF10-FD014231D4DB}.Debug|x64.Build.0 = Debug|x64
		{96816393-8399-436E-BF10-FD014231D4DB}.Debug|x64.Deploy.0 = Debug|x64
		{96816393-8399-436E-BF10-FD014231D4DB}.Debug|x86.ActiveCfg = Debug|x86
		{96816393-8399-436E-BF10-FD014231D4DB}.Debug|x86.Build.0 = Debug|x86
		{96816393-8399-436E-BF10-FD014231D4DB}.Debug|x86.Deploy.0 = Debug|x86
		{96816393-8399-436E-BF10-FD014231D4DB}.Release|ARM.ActiveCfg = Release|ARM
		{96816393-8399-436E-BF10-FD014231D4DB}.Release|ARM.Build.0 = Release|ARM
		{96816393-8399-436E-BF10-FD014231D4DB}.Release|ARM.Deploy.0 = Release|ARM
		{96816393-8399-436E-BF10-FD014231D4DB}.Release|x64.ActiveCfg = Release|x64
		{96816393-8399-436E-BF10-FD014231D4DB}.Release|x64.Build.0 = Release|x64
		{96816393-8399-436E-BF10-FD014231D4DB}.Release|x64.Deploy.0 = Release|x64
		{96816393-8399-436E-BF10-FD014231D4DB}.Release|x86.ActiveCfg = Release|x86
		{96816393-8399-436E-BF10-FD014231D4DB}.Release|x86.Build.0 = Release|x86
		{96816393-8399-436E-BF10-FD014231D4DB}.Release|x86.Deploy.0 = Release|x86
		{B19B592A-0E60-4271-9547-FC4C7F320D8D}.Debug|ARM.ActiveCfg = Debug|ARM
		{B19B592A-0E60-4271-9547-FC4C7F320D8D}.Debug|ARM.Build.0 = Debug|ARM
		{B19B592A-0E60-4271-9547-FC4C7F320D8D}.Debug|ARM.Deploy.0 = Debug|ARM
		{B19B592A-0E60-4271-9547-FC4C7F320D8D}.Debug|x64.ActiveCfg = Debug|x64
		{B19B592A-0E60-4271-9547-FC4C7F320D8D}.Debug|x64.Build.0 = Debug|x64
		{B19B592A-0E60-4271-9547-FC4C7F320D8D}.Debug|x64.Deploy.0 = Debug|x64
		{B19B592A-0E60-4271-9547-FC4C7F320D8D}.Debug|x86.ActiveCfg = Debug|x86
		{B19B592A-0E60-4271-9547-FC4C7F320D8D}.Debug|x86.Build.0 = Debug|x86
		{B19B592A-0E60-4271-9547-FC4C7F320D8D}.Debug|x86.Deploy.0 = Debug|x86
		{B19B592A-0E60-4271-9547-FC4C7F320D8D}.Release|ARM.ActiveCfg = Release|ARM
		{B19B592A-0E60-4271-9547-FC4C7F320D8D}.Release|ARM.Build.0 = Release|ARM
		{B19B592A-0E60-4271-9547-FC4C7F320D8D}.Release|ARM.Deploy.0 = Release|ARM
		{B19B592A-0E60-4271-9547-FC4C7F320D8D}.Release|x64.ActiveCfg = Release|x64
		{B19B592A-0E60-4271-9547-FC4C7F320D8D}.Release|x64.Build.0 = Release|x64
		{B19B592A-0E60-4271-9547-FC4C7F320D8D}.Release|x64.Deploy.0 = Release|x64
		{B19B592A-0E60-4271-9547-FC4C7F320D8D}.Release|x86.ActiveCfg = Release|x86
		{B19B592A-0E60-4271-9547-FC4C7F320D8D}.Release|x86.Build.0 = Release|x86
		{B19B592A-0E60-4271-9547-FC4C7F320D8D}.Release|x86.Deploy.0 = Release|x86
		{3A39BC30-79F4-4EA8-93AF-0941FCE69FD3}.Debug|ARM.ActiveCfg = Debug|ARM
		{3A39BC30-79F4-4EA8-93AF-0941FCE69FD3}.Debug|ARM.Build.0 = Debug|ARM
		{3A39BC30-79F4-4EA8-93AF-0941FCE69FD3}.Debug|ARM.Deploy.0 = Debug|ARM
		{3A39BC30-79F4-4EA8-93AF-0941FCE69FD3}.Debug|x64.ActiveCfg = Debug|x64
		{3A39BC30-79F4-4EA8-93AF-0941FCE69FD3}.Debug|x64.Build.0 = Debug|x64
		{3A39BC30-79F4-4EA8-93AF-0941FCE69FD3}.Debug|x64.Deploy.0 = Debug|x64
		{3A39BC30-79F4-4EA8-93AF-0941FCE69FD3}.Debug|x86.ActiveCfg = Debug|x86
		{3A39BC30-79F4-4EA8-93AF-0941FCE69FD3}.Debug|x86.Build.0 = Debug|x86
		{3A39BC30-79F4-4EA8-93AF-0941FCE69FD3}.Debug|x86.Deploy.0 = Debug|x86
		{3A39BC30-79F4-4EA8-93AF-0941FCE69FD3}.Release|ARM.ActiveCfg = Release|ARM
		{3A39BC30-79F4-4EA8-93AF-0941FCE69FD3}.Release|ARM.Build.0 = Release|ARM
		{3A39BC30-79F4-4EA8-93AF-0941FCE69FD3}.Release|ARM.Deploy.0 = Release|ARM
		{3A39BC30-79F4-4EA8-93AF-0941FCE69FD3}.Release|x64.ActiveCfg = Release|x64
		{3A39BC30-79F4-4EA8-93AF-0941FCE69FD3}.Release|x64.Build.0 = Release|x64
		{3A39BC30-79F4-4EA8-93AF-0941FCE69FD3}.Release|x64.Deploy.0 = Release|x64
		{3A39BC30-79F4-4EA8-93AF-0941FCE69FD3}.Release|x86.ActiveCfg = Release|x86
		{3A39BC30-79F4-4EA8-93AF-0941FCE69FD3}.Release|x86.Build.0 = Release|x86
		{3A39BC30-79F4-4EA8-93AF-0941FCE69FD3}.Release|x86.Deploy.0 = Release|x86
		{E4B23508-E301-47D1-AB7B-C091B7DE87C0}.Debug|ARM.ActiveCfg = Debug|ARM
		{E4B23508-E301-47D1-AB7B-C091B7DE87C0}.Debug|ARM.Build.0 = Debug|ARM
		{E4B23508-E301-47D1-AB7B-C091B7DE87C0}.Debug|ARM.Deploy.0 = Debug|ARM
		{E4B23508-E301-47D1-AB7B-C091B7DE87C0}.Debug|x64.ActiveCfg = Debug|x64
		{E4B23508-E301-47D1-AB7B-C091B7DE87C0}.Debug|x64.Build.0 = Debug|x64
		{E4B23508-E301-47D1-AB7B-C091B7DE87C0}.Debug|x64.Deploy.0 = Debug|x64
		{E4B23508-E301-47D1-AB7B-C091B7DE87C0}.Debug|x86.ActiveCfg = Debug|x86
		{E4B23508-E301-47D1-AB7B-C091B7DE87C0}.Debug|x86.Build.0 = Debug|x86
		{E4B23508-E301-47D1-AB7B-C091B7DE87C0}.Debug|x86.Deploy.0 = Debug|x86
		{E4B23508-E301-47D1-AB7B-C091B7DE87C0}.Release|ARM.ActiveCfg = Release|ARM
		{E4B23508-E301-47D1-AB7B-C091B7DE87C0}.Release|ARM.Build.0 = Release|ARM
		{E4B23508-E301-47D1-AB7B-C091B7DE87C0}.Release|ARM.Deploy.0 = Release|ARM
		{E4B23508-E301-47D1-AB7B-C091B7DE87C0}.Release|x64.ActiveCfg = Release|x64
		{E4B23508-E301-47D1-AB7B-C091B7DE87C0}.Release|x64.Build.0 = Release|x64
		{E4B23508-E301-47D1-AB7B-C091B7DE87C0}.Release|x64.Deploy.0 = Release|x64
		{E4B23508-E301-47D1-AB7B-C091B7DE87C0}.Release|x86.ActiveCfg = Release|x86
		{E4B23508-E301-47D1-AB7B-C091B7DE87C0}.Release|x86.Build.0 = Release|x86
		{E4B23508-E301-47D1-AB7B-C091B7DE87C0}.Release|x86.Deploy.0 = Release|x86
		{FB8BC255-3533-4019-828E-56629627A890}.Debug|ARM.ActiveCfg = Debug|ARM
		{FB8BC255-3533-4019-828E-56629627A890}.Debug|ARM.Build.0 = Debug|ARM
		{FB8BC255-3533-4019-828E-56629627A890}.Debug|ARM.Deploy.0 = Debug|ARM
		{FB8BC255-3533-4019-828E-56629627A890}.Debug|x64.ActiveCfg = Debug|x64
		{FB8BC255-3533-4019-828E-56629627A890}.Debug|x64.Build.0 = Debug|x64
		{FB8BC255-3533-4019-828E-56629627A890}.Debug|x64.Deploy.0 = Debug|x64
		{FB8BC255-3533-4019-828E-56629627A890}.Debug|x86.ActiveCfg = Debug|x86
		{FB8BC255-3533-4019-828E-56629627A890}.Debug|x86.Build.0 = Debug|x86
		{FB8BC255-3533-4019-828E-56629627A890}.Debug|x86.Deploy.0 = Debug|x86
		{FB8BC255-3533-4019-828E-56629627A890}.Release|ARM.ActiveCfg = Release|ARM
		{FB8BC255-3533-4019-828E-56629627A890}.Release|ARM.Build.0 = Release|ARM
		{FB8BC255-3533-4019-828E-56629627A890}.Release|ARM.Deploy.0 = Release|ARM
		{FB8BC255-3533-4019-828E-56629627A890}.Release|x64.ActiveCfg = Release|x64
		{FB8BC255-3533-4019-828E-56629627A890}.Release|x64.Build.0 = Release|x64
		{FB8BC255-3533-4019-828E-56629627A890}.Release|x64.Deploy.0 = Release|x64
		{FB8BC255-3533-4019-828E-56629627A890}.Release|x86.ActiveCfg = Release|x86
		{FB8BC255-3533-4019-828E-56629627A890}.Release|x86.Build.0 = Release|x86
		{FB8BC255-3533-4019-828E-56629627A890}.Release|x86.Deploy.0 = Release|x86
		{B141E7A8-ED89-4C7B-90DD-84E5765856AC}.Debug|ARM.ActiveCfg = Debug|ARM
		{B141E7A8-ED89-4C7B-90DD-84E5765856AC}.Debug|ARM.Build.0 = Debug|ARM
		{B141E7A8-ED89-4C7B-90DD-84E5765856AC}.Debug|ARM.Deploy.0 = Debug|ARM
		{B141E7A8-ED89-4C7B-90DD-84E5765856AC}.Debug|x64.ActiveCfg = Debug|x64
		{B141E7A8-ED89-4C7B-90DD-84E5765856AC}.Debug|x64.Build.0 = Debug|x64
		{B141E7A8-ED89-4C7B-90DD-84E5765856AC}.Debug|x64.Deploy.0 = Debug|x64
		{B141E7A8-ED89-4C7B-90DD-84E5765856AC}.Debug|x86.ActiveCfg = Debug|x86
		{B141E7A8-ED89-4C7B-90DD-84E5765856AC}.Debug|x86.Build.0 = Debug|x86
		{B141E7A8-ED89-4C7B-90DD-84E5765856AC}.Debug|x86.Deploy.0 = Debug|x86
		{B141E7A8-ED89-4C7B-90DD-84E5765856AC}.Release|ARM.ActiveCfg = Release|ARM
		{B141E7A8-ED89-4C7B-90DD-84E5765856AC}.Release|ARM.Build.0 = Release|ARM
		{B141E7A8-ED89-4C7B-90DD-84E5765856AC}.Release|ARM.Deploy.0 = Release|ARM
		{B141E7A8-ED89-4C7B-90DD-84E5765856AC}.Release|x64.ActiveCfg = Release|x64
		{B141E7A8-ED89-4C7B-90DD-84E5765856AC}.Release|x64.Build.0 = Release|x64
		{B141E7A8-ED89-4C7B-90DD-84E5765856AC}.Release|x64.Deploy.0 = Release|x64
		{B141E7A8-ED89-4C7B-90DD-84E5765856AC}.Release|x86.ActiveCfg = Release|x86
		{B141E7A8-ED89-4C7B-90DD-84E5765856AC}.Release|x86.Build.0 = Release|x86
		{B141E7A8-ED89-4C7B-90DD-84E5765856AC}.Release|x86.Deploy.0 = Release|x86
	EndGlobalSection
	GlobalSection(SolutionProperties) = preSolution
		HideSolutionNode = FALSE
	EndGlobalSection
EndGlobal
